{
  "version": 4,
  "terraform_version": "1.7.5",
  "serial": 1,
  "lineage": "33c84eb3-48e5-7875-ff0b-14231932336b",
  "outputs": {},
  "resources": [
    {
      "mode": "managed",
      "type": "spotify_playlist",
      "name": "playlist",
      "provider": "provider[\"registry.terraform.io/conradludgate/spotify\"]",
      "instances": [
        {
          "schema_version": 0,
          "attributes": {
            "description": null,
            "id": "0taFlogJIKTDIk9m5c2gjj",
            "name": "Cassette Classic",
            "public": true,
            "snapshot_id": "AAAAAkKhHWa+LqWygVbID1PTZIc38+5/",
            "tracks": [
              "1kcV2LJxt5v0s2cEGtEJ5i",
              "5oYRr51VatOtkFeEOursuZ",
              "6ignzDlAQZe3ZLM8xZqjNK",
              "6qNyL8lZuqFmy9ginJRQOZ",
              "7IjnfuMNfdrAXbefurdIIR",
              "0og9wKFGgFFNQnrBe7eisG"
            ]
          },
          "sensitive_attributes": [],
          "private": "bnVsbA=="
        }
      ]
    }
  ],
  "check_results": null
}
