{
  "version": 4,
  "terraform_version": "1.7.5",
  "serial": 3,
  "lineage": "33c84eb3-48e5-7875-ff0b-14231932336b",
  "outputs": {},
  "resources": [
    {
      "mode": "data",
      "type": "spotify_search_track",
      "name": "Maroon_5",
      "provider": "provider[\"registry.terraform.io/conradludgate/spotify\"]",
      "instances": [
        {
          "schema_version": 0,
          "attributes": {
            "album": null,
            "artist": "Maroon 5",
            "explicit": true,
            "id": "1723276510",
            "limit": 10,
            "name": null,
            "tracks": [
              {
                "album": "6LtzdMGhOCh9s6sssWrpuD",
                "artists": [
                  "04gDigrS5kc9YWfZHwBETP"
                ],
                "id": "3h4T9Bg8OVSUYa6danHeH5",
                "name": "Animals"
              },
              {
                "album": "6ijGiBcBfUwkoyHn5VUHU2",
                "artists": [
                  "04gDigrS5kc9YWfZHwBETP",
                  "137W8MRPWKqSmrBGDBFSop"
                ],
                "id": "1XGmzt0PVuFgQYYnV2It7A",
                "name": "Payphone"
              },
              {
                "album": "6LtzdMGhOCh9s6sssWrpuD",
                "artists": [
                  "04gDigrS5kc9YWfZHwBETP"
                ],
                "id": "5d6Mjuu2uCGRPYpFjGpCX5",
                "name": "Sugar"
              },
              {
                "album": "1pCA38N6MkLlthXtAOvZTU",
                "artists": [
                  "04gDigrS5kc9YWfZHwBETP"
                ],
                "id": "4cktbXiXOapiLBMprHFErI",
                "name": "Memories"
              },
              {
                "album": "1Li4rADxSxjT2g4xqUcMYh",
                "artists": [
                  "04gDigrS5kc9YWfZHwBETP"
                ],
                "id": "7npLlaPu9Mfno8hjk5OagD",
                "name": "Girls Like You"
              },
              {
                "album": "6ijGiBcBfUwkoyHn5VUHU2",
                "artists": [
                  "04gDigrS5kc9YWfZHwBETP"
                ],
                "id": "6cpk00i5TxCqSeqNi2HuIe",
                "name": "One More Night"
              },
              {
                "album": "6LtzdMGhOCh9s6sssWrpuD",
                "artists": [
                  "04gDigrS5kc9YWfZHwBETP"
                ],
                "id": "7oUHzZKNKUTrlU7DYxhQ7v",
                "name": "Maps"
              },
              {
                "album": "1Li4rADxSxjT2g4xqUcMYh",
                "artists": [
                  "04gDigrS5kc9YWfZHwBETP",
                  "4kYSro6naA4h99UJvo89HB"
                ],
                "id": "7fa9MBXhVfQ8P8Df9OEbD8",
                "name": "Girls Like You (feat. Cardi B) - Cardi B Version"
              },
              {
                "album": "2IyanCCFV9rJBKCgWuO8vL",
                "artists": [
                  "04gDigrS5kc9YWfZHwBETP",
                  "1l7ZsJRRS8wlW3WfJfPfNS"
                ],
                "id": "3TahdwXB4gJRWVAI00Ejqa",
                "name": "Moves Like Jagger - Studio Recording From \"The Voice\" Performance"
              },
              {
                "album": "1pCA38N6MkLlthXtAOvZTU",
                "artists": [
                  "04gDigrS5kc9YWfZHwBETP",
                  "181bsRPaVXVlUKXrxwZfHK"
                ],
                "id": "5zFglKYiknIxks8geR8rcL",
                "name": "Beautiful Mistakes (feat. Megan Thee Stallion)"
              }
            ],
            "year": null
          },
          "sensitive_attributes": []
        }
      ]
    },
    {
      "mode": "managed",
      "type": "spotify_playlist",
      "name": "Maroon_5",
      "provider": "provider[\"registry.terraform.io/conradludgate/spotify\"]",
      "instances": [
        {
          "schema_version": 0,
          "attributes": {
            "description": null,
            "id": "3NwjWDQmVvaFd19u4uxlh8",
            "name": "Maroon 5 Playlist",
            "public": true,
            "snapshot_id": "AAAAAmVC8znZkAOPFZJqA+fuqEys3nB9",
            "tracks": [
              "3h4T9Bg8OVSUYa6danHeH5",
              "1XGmzt0PVuFgQYYnV2It7A",
              "5d6Mjuu2uCGRPYpFjGpCX5",
              "4cktbXiXOapiLBMprHFErI",
              "7npLlaPu9Mfno8hjk5OagD",
              "6cpk00i5TxCqSeqNi2HuIe",
              "7oUHzZKNKUTrlU7DYxhQ7v",
              "7fa9MBXhVfQ8P8Df9OEbD8",
              "3TahdwXB4gJRWVAI00Ejqa",
              "5zFglKYiknIxks8geR8rcL"
            ]
          },
          "sensitive_attributes": [],
          "private": "bnVsbA==",
          "dependencies": [
            "data.spotify_search_track.Maroon_5"
          ]
        }
      ]
    },
    {
      "mode": "managed",
      "type": "spotify_playlist",
      "name": "playlist",
      "provider": "provider[\"registry.terraform.io/conradludgate/spotify\"]",
      "instances": [
        {
          "schema_version": 0,
          "attributes": {
            "description": "",
            "id": "0taFlogJIKTDIk9m5c2gjj",
            "name": "Cassette Classic",
            "public": true,
            "snapshot_id": "AAAAAkKhHWa+LqWygVbID1PTZIc38+5/",
            "tracks": [
              "1kcV2LJxt5v0s2cEGtEJ5i",
              "5oYRr51VatOtkFeEOursuZ",
              "6ignzDlAQZe3ZLM8xZqjNK",
              "6qNyL8lZuqFmy9ginJRQOZ",
              "7IjnfuMNfdrAXbefurdIIR",
              "0og9wKFGgFFNQnrBe7eisG"
            ]
          },
          "sensitive_attributes": [],
          "private": "bnVsbA=="
        }
      ]
    }
  ],
  "check_results": null
}
